8 1
37 3
21 6
8 10
11 12
19 15
21 1
29 18
0 18
11 3
29 14
12 6
23 14
5 9
36 19
12 16
26 10
29 5
42 2
23 5
37 17
25 19
39 3
8 11
21 10
32 12
26 12
16 19
32 14
40 9
37 18
4 10
26 3
22 5
39 9
41 4
6 1
28 11
4 15
5 5
5 15
7 6
5 12
24 14
13 7
10 17
10 16
17 12
38 17
44 5
24 15
33 16
35 11
5 3
12 18
25 16
9 14
33 1
33 13
44 18
24 4
36 14
13 18
18 12
31 5
11 18
36 10
33 11
42 15
24 10
44 12
35 15
0 12
24 2
6 19
24 19
27 12
16 5
0 3
8 0
44 17
36 17
29 16
31 13
22 2
2 12
44 13
40 18
21 11
2 15
5 13
19 2
35 7
0 11
33 18
39 1
29 19
27 9
21 4
11 19
4 7
24 12
9 11
8 2
8 8
21 15
9 18
21 12
42 17
33 12
22 4
8 19
38 11
10 7
15 14
9 15
16 7
37 9
12 11
11 2
32 6
22 19
8 18
39 5
23 11
13 4
5 10
0 17
31 7
6 3
6 5
43 11
33 15
16 17
30 19
15 2
18 2
9 17
39 0
42 18
18 1
7 10
14 2
19 4
9 3
39 2
29 1
26 4
43 17
6 18
33 17
8 4
35 9
27 19
39 10
6 10
5 11
6 6
9 19
39 12
27 7
10 13
19 6
5 6
19 14
5 0
6 4
43 13
1 18
30 8
5 19
0 6
37 2
33 14
14 12
41 16
25 4
18 4
22 16
6 15
19 7
36 16
5 17
6 17
11 5
6 16
18 18
39 11
1 9
33 2
33 10
25 11
5 2
6 13
6 7
1 11
25 12
12 1
13 16
11 7
