44 1
37 14
28 13
18 15
22 5
34 1
22 0
3 4
16 5
40 1
22 9
40 6
22 12
31 10
24 2
42 8
30 17
1 3
40 12
24 0
10 4
18 0
27 12
31 0
3 5
44 17
36 17
1 19
17 11
10 19
22 17
23 15
24 3
8 13
18 9
0 17
42 4
31 13
16 18
3 8
1 2
20 13
10 0
21 17
31 17
19 3
43 1
38 6
13 15
18 12
3 12
31 7
11 16
22 4
8 19
31 9
44 10
42 1
30 14
43 15
37 18
8 14
28 3
40 7
29 8
35 11
7 14
12 0
35 13
43 19
8 8
44 18
43 12
38 8
14 1
35 1
33 19
31 12
29 2
5 0
28 10
43 8
23 16
2 18
24 13
20 17
12 14
11 19
21 10
40 2
25 9
24 6
1 12
40 11
42 18
42 17
14 2
3 11
7 11
35 17
28 15
43 13
44 13
9 0
24 19
33 16
18 11
21 9
22 10
2 14
6 3
23 18
18 1
6 8
34 12
7 10
28 16
37 19
17 16
41 13
26 12
42 13
5 18
20 5
40 18
21 5
39 15
33 11
24 8
43 18
41 14
1 15
35 18
5 9
11 2
22 8
28 7
27 14
28 8
15 18
28 6
34 3
36 6
9 8
42 16
6 18
43 10
34 10
41 12
22 6
38 1
18 7
23 0
24 10
41 9
33 9
27 5
29 9
12 12
30 6
39 18
1 5
11 8
6 16
5 11
26 6
36 10
11 4
33 7
3 19
14 10
44 19
37 12
18 17
10 7
11 6
20 16
27 2
35 0
37 5
39 3
31 11
39 0
19 12
24 16
29 14
35 10
31 8
9 4
24 1
28 11
35 7
22 16
9 19
33 6
28 1
42 6
44 12
16 7
20 15
